
Microsoft Visual Studio Solution File, Format Version 12.00
# Visual Studio Version 17
VisualStudioVersion = 17.7.34031.279
MinimumVisualStudioVersion = 10.0.40219.1
Project("{FAE04EC0-301F-11D3-BF4B-00C04F79EFBC}") = "11hw", "11hw\11hw.csproj", "{AFE7B6D4-155B-4D56-A1EA-A660298352FB}"
EndProject
Global
	GlobalSection(SolutionConfigurationPlatforms) = preSolution
		Debug|Any CPU = Debug|Any CPU
		Release|Any CPU = Release|Any CPU
	EndGlobalSection
	GlobalSection(ProjectConfigurationPlatforms) = postSolution
		{AFE7B6D4-155B-4D56-A1EA-A660298352FB}.Debug|Any CPU.ActiveCfg = Debug|Any CPU
		{AFE7B6D4-155B-4D56-A1EA-A660298352FB}.Debug|Any CPU.Build.0 = Debug|Any CPU
		{AFE7B6D4-155B-4D56-A1EA-A660298352FB}.Release|Any CPU.ActiveCfg = Release|Any CPU
		{AFE7B6D4-155B-4D56-A1EA-A660298352FB}.Release|Any CPU.Build.0 = Release|Any CPU
	EndGlobalSection
	GlobalSection(SolutionProperties) = preSolution
		HideSolutionNode = FALSE
	EndGlobalSection
	GlobalSection(ExtensibilityGlobals) = postSolution
		SolutionGuid = {005D6A99-466E-421A-BF7E-15AC00FDCA56}
	EndGlobalSection
EndGlobal
